
Microsoft Visual Studio Solution File, Format Version 12.00
Project("{FAE04EC0-301F-11D3-BF4B-00C04F79EFBC}") = "Portal", "Portal\Portal.csproj", "{8F8E5816-D64F-4F2D-9A7A-C95CB94B7A1A}"
EndProject
Project("{FAE04EC0-301F-11D3-BF4B-00C04F79EFBC}") = "Portal.Database", "Portal.Database\Portal.Database.csproj", "{A6679817-6870-420C-AFC3-10B7364557F5}"
EndProject
Project("{FAE04EC0-301F-11D3-BF4B-00C04F79EFBC}") = "Portal.Domain", "Portal.Domain\Portal.Domain.csproj", "{1951A8BC-6F3C-4590-AFC0-CFFFCFB6F429}"
EndProject
Project("{FAE04EC0-301F-11D3-BF4B-00C04F79EFBC}") = "Portal.Infrastructure", "Portal.Infrastructure\Portal.Infrastructure.csproj", "{1F6E50E8-BFC2-4BE4-B2BA-56F9F6418C95}"
EndProject
Project("{2150E333-8FDC-42A3-9474-1A3956D46DE8}") = "Modules", "Modules", "{74C2D774-13C4-47C6-BEFF-2D83FB324537}"
EndProject
Project("{2150E333-8FDC-42A3-9474-1A3956D46DE8}") = "ApplicationUserModule", "ApplicationUserModule", "{D27BC612-14FE-4D45-A892-F32636B4576C}"
EndProject
Project("{FAE04EC0-301F-11D3-BF4B-00C04F79EFBC}") = "ApplicationUser", "ApplicationUser\ApplicationUser.csproj", "{2BC9B949-8437-4B8F-90C2-2C20714E6C59}"
EndProject
Project("{FAE04EC0-301F-11D3-BF4B-00C04F79EFBC}") = "ApplicationUserDomain", "ApplicationUserDomain\ApplicationUserDomain.csproj", "{543E5A6B-7036-4D3F-BE3D-B447477018D2}"
EndProject
Project("{2150E333-8FDC-42A3-9474-1A3956D46DE8}") = "PostsModule", "PostsModule", "{880C5D30-52A6-473D-BD93-FC45A538DDA5}"
EndProject
Project("{FAE04EC0-301F-11D3-BF4B-00C04F79EFBC}") = "Posts.Application", "Posts.Application\Posts.Application.csproj", "{2F154D9C-1EB2-4DE0-9BC3-A92A0CC41252}"
EndProject
Project("{FAE04EC0-301F-11D3-BF4B-00C04F79EFBC}") = "Posts.Domain", "Posts.Domain\Posts.Domain.csproj", "{D658329F-2808-44F1-880B-B1B524BD16C0}"
EndProject
Project("{2150E333-8FDC-42A3-9474-1A3956D46DE8}") = "JobOffersModule", "JobOffersModule", "{E65ED1E9-44F2-4F11-90B8-1CFCA040138A}"
EndProject
Project("{FAE04EC0-301F-11D3-BF4B-00C04F79EFBC}") = "JobOffers.Application", "JobOffers.Application\JobOffers.Application.csproj", "{0B13710D-D9D6-4044-A7B4-BF4945535944}"
EndProject
Project("{FAE04EC0-301F-11D3-BF4B-00C04F79EFBC}") = "JobOffers.Domain", "JobOffers.Domain\JobOffers.Domain.csproj", "{E6F7AB23-AD14-4E6D-9812-61428DE1B716}"
EndProject
Project("{2150E333-8FDC-42A3-9474-1A3956D46DE8}") = "EduLinksModule", "EduLinksModule", "{9B5671AA-937A-41EF-8294-25BE4955E5ED}"
EndProject
Project("{FAE04EC0-301F-11D3-BF4B-00C04F79EFBC}") = "EduLinks.Application", "EduLinks.Application\EduLinks.Application.csproj", "{8864A5F7-5F59-4E40-8D31-C99E4383B720}"
EndProject
Project("{FAE04EC0-301F-11D3-BF4B-00C04F79EFBC}") = "EduLinks.Domain", "EduLinks.Domain\EduLinks.Domain.csproj", "{D5A9F859-3C79-4D66-AC18-CD5AC63E25E7}"
EndProject
Project("{2150E333-8FDC-42A3-9474-1A3956D46DE8}") = "UsersModule", "UsersModule", "{9617C73C-B019-415E-BB4F-08C3F473C30F}"
EndProject
Project("{FAE04EC0-301F-11D3-BF4B-00C04F79EFBC}") = "Users.Application", "Users.Application\Users.Application.csproj", "{22D0EE63-7584-43E7-8EE0-3265A71DB32C}"
EndProject
Project("{FAE04EC0-301F-11D3-BF4B-00C04F79EFBC}") = "Users.Domain", "Users.Domain\Users.Domain.csproj", "{37792376-6F37-45F3-803F-BA4E6A24DC4B}"
EndProject
Project("{2150E333-8FDC-42A3-9474-1A3956D46DE8}") = "FilesModule", "FilesModule", "{D09BA055-F703-459B-8E44-B9271BE06DD0}"
EndProject
Project("{FAE04EC0-301F-11D3-BF4B-00C04F79EFBC}") = "Files.Application", "Files.Application\Files.Application.csproj", "{4496E33C-4174-40A4-9AFF-8E60FF84F2D7}"
EndProject
Project("{FAE04EC0-301F-11D3-BF4B-00C04F79EFBC}") = "Files.Domain", "Files.Domain\Files.Domain.csproj", "{3163E9A5-BC4D-4C57-A490-22524DF8278A}"
EndProject
Project("{FAE04EC0-301F-11D3-BF4B-00C04F79EFBC}") = "Files.Infrastructure", "Files.Infrastructure\Files.Infrastructure.csproj", "{2ADF6E0D-9B1E-4DD6-842A-0D9BD775CE65}"
EndProject
Project("{FAE04EC0-301F-11D3-BF4B-00C04F79EFBC}") = "Files.Contracts", "Files.Contracts\Files.Contracts.csproj", "{2147B4E6-CB0C-449A-8387-DA2D17CB3A40}"
EndProject
Project("{2150E333-8FDC-42A3-9474-1A3956D46DE8}") = "ArticlesModule", "ArticlesModule", "{3AE5442E-6AB0-480E-9EA2-EA078D815101}"
EndProject
Project("{FAE04EC0-301F-11D3-BF4B-00C04F79EFBC}") = "EduLinks.Contracts", "EduLinks.Contracts\EduLinks.Contracts.csproj", "{DC574486-3B06-40BE-AB56-32EB7174E8A6}"
EndProject
Project("{FAE04EC0-301F-11D3-BF4B-00C04F79EFBC}") = "Articles.Domain", "Articles.Domain\Articles.Domain.csproj", "{DA591940-2C06-460A-8B51-688AF544A1CE}"
EndProject
Project("{FAE04EC0-301F-11D3-BF4B-00C04F79EFBC}") = "Articles.Application", "Articles.Application\Articles.Application.csproj", "{17A9B89C-74DA-4A84-8352-2C658347B7A0}"
EndProject
Project("{FAE04EC0-301F-11D3-BF4B-00C04F79EFBC}") = "Posts.Contracts", "Posts.Contracts\Posts.Contracts.csproj", "{659B86C1-E122-4884-9014-252AAD64251B}"
EndProject
Project("{FAE04EC0-301F-11D3-BF4B-00C04F79EFBC}") = "JobOffers.Contracts", "JobOffers.Contracts\JobOffers.Contracts.csproj", "{D6EF0A69-8860-452D-BBE1-22F033B2A439}"
EndProject
Project("{2150E333-8FDC-42A3-9474-1A3956D46DE8}") = "UsersRoleModule", "UsersRoleModule", "{AD90719E-5C25-4AE6-B1F6-FC71A0BB52FC}"
EndProject
Project("{FAE04EC0-301F-11D3-BF4B-00C04F79EFBC}") = "UserRole.Application", "UserRole.Application\UserRole.Application.csproj", "{CE7F1528-66ED-4F0D-AE09-CB10349541BB}"
EndProject
Project("{FAE04EC0-301F-11D3-BF4B-00C04F79EFBC}") = "UserRole.Contracts", "UserRole.Contracts\UserRole.Contracts.csproj", "{79A9819B-D48F-4059-8068-62627B418220}"
EndProject
Project("{FAE04EC0-301F-11D3-BF4B-00C04F79EFBC}") = "UserRole.Domain", "UserRole.Domain\UserRole.Domain.csproj", "{5E0A5E72-9246-4A57-BDAE-CD61320A2FB7}"
EndProject
Project("{2150E333-8FDC-42A3-9474-1A3956D46DE8}") = "CommentsModule", "CommentsModule", "{EB9C5F17-374A-4E8A-BBA4-0AEB6E6DB859}"
EndProject
Project("{FAE04EC0-301F-11D3-BF4B-00C04F79EFBC}") = "Comments.Application", "Comments.Application\Comments.Application.csproj", "{E80DD168-1632-4BB9-83CB-8E866CCDBC9F}"
EndProject
Project("{FAE04EC0-301F-11D3-BF4B-00C04F79EFBC}") = "Comments.Domain", "Comments.Domain\Comments.Domain.csproj", "{CC42A474-8E7C-4908-81C4-179DDAEB547A}"
EndProject
Project("{FAE04EC0-301F-11D3-BF4B-00C04F79EFBC}") = "Articles.Contracts", "Articles.Contracts\Articles.Contracts.csproj", "{7525A890-C674-43E8-8595-9E46AFD0DAD9}"
EndProject
Project("{2150E333-8FDC-42A3-9474-1A3956D46DE8}") = "CooperationsModule", "CooperationsModule", "{53B909AF-34A8-4281-AFE5-0B5A6A817E60}"
EndProject
Project("{FAE04EC0-301F-11D3-BF4B-00C04F79EFBC}") = "Cooperations.Application", "Cooperations.Application\Cooperations.Application.csproj", "{1D5828B6-48A8-45D3-B591-14BC8AA69290}"
EndProject
Project("{FAE04EC0-301F-11D3-BF4B-00C04F79EFBC}") = "Cooperations.Domain", "Cooperations.Domain\Cooperations.Domain.csproj", "{677485F6-E234-4599-8BF4-771D1DF957D4}"
EndProject
Project("{FAE04EC0-301F-11D3-BF4B-00C04F79EFBC}") = "Portal.IntegrationTests", "Portal.IntegrationTests\Portal.IntegrationTests.csproj", "{2DF0712E-3926-4027-AD93-7F9416597400}"
EndProject
Project("{2150E333-8FDC-42A3-9474-1A3956D46DE8}") = "MobileApiOuterProjectModule", "MobileApiOuterProjectModule", "{529DCAD4-C18B-4C9F-895E-38B07D714A4F}"
EndProject
Project("{FAE04EC0-301F-11D3-BF4B-00C04F79EFBC}") = "MobileApiOuterProject.Application", "MobileApiOuterProject.Application\MobileApiOuterProject.Application.csproj", "{AD87A5DC-6726-4415-AB51-E8C473FE1124}"
EndProject
Global
	GlobalSection(SolutionConfigurationPlatforms) = preSolution
		Debug|Any CPU = Debug|Any CPU
		Release|Any CPU = Release|Any CPU
	EndGlobalSection
	GlobalSection(ProjectConfigurationPlatforms) = postSolution
		{8F8E5816-D64F-4F2D-9A7A-C95CB94B7A1A}.Debug|Any CPU.ActiveCfg = Debug|Any CPU
		{8F8E5816-D64F-4F2D-9A7A-C95CB94B7A1A}.Debug|Any CPU.Build.0 = Debug|Any CPU
		{8F8E5816-D64F-4F2D-9A7A-C95CB94B7A1A}.Release|Any CPU.ActiveCfg = Release|Any CPU
		{8F8E5816-D64F-4F2D-9A7A-C95CB94B7A1A}.Release|Any CPU.Build.0 = Release|Any CPU
		{A6679817-6870-420C-AFC3-10B7364557F5}.Debug|Any CPU.ActiveCfg = Debug|Any CPU
		{A6679817-6870-420C-AFC3-10B7364557F5}.Debug|Any CPU.Build.0 = Debug|Any CPU
		{A6679817-6870-420C-AFC3-10B7364557F5}.Release|Any CPU.ActiveCfg = Release|Any CPU
		{A6679817-6870-420C-AFC3-10B7364557F5}.Release|Any CPU.Build.0 = Release|Any CPU
		{1951A8BC-6F3C-4590-AFC0-CFFFCFB6F429}.Debug|Any CPU.ActiveCfg = Debug|Any CPU
		{1951A8BC-6F3C-4590-AFC0-CFFFCFB6F429}.Debug|Any CPU.Build.0 = Debug|Any CPU
		{1951A8BC-6F3C-4590-AFC0-CFFFCFB6F429}.Release|Any CPU.ActiveCfg = Release|Any CPU
		{1951A8BC-6F3C-4590-AFC0-CFFFCFB6F429}.Release|Any CPU.Build.0 = Release|Any CPU
		{1F6E50E8-BFC2-4BE4-B2BA-56F9F6418C95}.Debug|Any CPU.ActiveCfg = Debug|Any CPU
		{1F6E50E8-BFC2-4BE4-B2BA-56F9F6418C95}.Debug|Any CPU.Build.0 = Debug|Any CPU
		{1F6E50E8-BFC2-4BE4-B2BA-56F9F6418C95}.Release|Any CPU.ActiveCfg = Release|Any CPU
		{1F6E50E8-BFC2-4BE4-B2BA-56F9F6418C95}.Release|Any CPU.Build.0 = Release|Any CPU
		{2BC9B949-8437-4B8F-90C2-2C20714E6C59}.Debug|Any CPU.ActiveCfg = Debug|Any CPU
		{2BC9B949-8437-4B8F-90C2-2C20714E6C59}.Debug|Any CPU.Build.0 = Debug|Any CPU
		{2BC9B949-8437-4B8F-90C2-2C20714E6C59}.Release|Any CPU.ActiveCfg = Release|Any CPU
		{2BC9B949-8437-4B8F-90C2-2C20714E6C59}.Release|Any CPU.Build.0 = Release|Any CPU
		{543E5A6B-7036-4D3F-BE3D-B447477018D2}.Debug|Any CPU.ActiveCfg = Debug|Any CPU
		{543E5A6B-7036-4D3F-BE3D-B447477018D2}.Debug|Any CPU.Build.0 = Debug|Any CPU
		{543E5A6B-7036-4D3F-BE3D-B447477018D2}.Release|Any CPU.ActiveCfg = Release|Any CPU
		{543E5A6B-7036-4D3F-BE3D-B447477018D2}.Release|Any CPU.Build.0 = Release|Any CPU
		{2F154D9C-1EB2-4DE0-9BC3-A92A0CC41252}.Debug|Any CPU.ActiveCfg = Debug|Any CPU
		{2F154D9C-1EB2-4DE0-9BC3-A92A0CC41252}.Debug|Any CPU.Build.0 = Debug|Any CPU
		{2F154D9C-1EB2-4DE0-9BC3-A92A0CC41252}.Release|Any CPU.ActiveCfg = Release|Any CPU
		{2F154D9C-1EB2-4DE0-9BC3-A92A0CC41252}.Release|Any CPU.Build.0 = Release|Any CPU
		{D658329F-2808-44F1-880B-B1B524BD16C0}.Debug|Any CPU.ActiveCfg = Debug|Any CPU
		{D658329F-2808-44F1-880B-B1B524BD16C0}.Debug|Any CPU.Build.0 = Debug|Any CPU
		{D658329F-2808-44F1-880B-B1B524BD16C0}.Release|Any CPU.ActiveCfg = Release|Any CPU
		{D658329F-2808-44F1-880B-B1B524BD16C0}.Release|Any CPU.Build.0 = Release|Any CPU
		{0B13710D-D9D6-4044-A7B4-BF4945535944}.Debug|Any CPU.ActiveCfg = Debug|Any CPU
		{0B13710D-D9D6-4044-A7B4-BF4945535944}.Debug|Any CPU.Build.0 = Debug|Any CPU
		{0B13710D-D9D6-4044-A7B4-BF4945535944}.Release|Any CPU.ActiveCfg = Release|Any CPU
		{0B13710D-D9D6-4044-A7B4-BF4945535944}.Release|Any CPU.Build.0 = Release|Any CPU
		{E6F7AB23-AD14-4E6D-9812-61428DE1B716}.Debug|Any CPU.ActiveCfg = Debug|Any CPU
		{E6F7AB23-AD14-4E6D-9812-61428DE1B716}.Debug|Any CPU.Build.0 = Debug|Any CPU
		{E6F7AB23-AD14-4E6D-9812-61428DE1B716}.Release|Any CPU.ActiveCfg = Release|Any CPU
		{E6F7AB23-AD14-4E6D-9812-61428DE1B716}.Release|Any CPU.Build.0 = Release|Any CPU
		{8864A5F7-5F59-4E40-8D31-C99E4383B720}.Debug|Any CPU.ActiveCfg = Debug|Any CPU
		{8864A5F7-5F59-4E40-8D31-C99E4383B720}.Debug|Any CPU.Build.0 = Debug|Any CPU
		{8864A5F7-5F59-4E40-8D31-C99E4383B720}.Release|Any CPU.ActiveCfg = Release|Any CPU
		{8864A5F7-5F59-4E40-8D31-C99E4383B720}.Release|Any CPU.Build.0 = Release|Any CPU
		{D5A9F859-3C79-4D66-AC18-CD5AC63E25E7}.Debug|Any CPU.ActiveCfg = Debug|Any CPU
		{D5A9F859-3C79-4D66-AC18-CD5AC63E25E7}.Debug|Any CPU.Build.0 = Debug|Any CPU
		{D5A9F859-3C79-4D66-AC18-CD5AC63E25E7}.Release|Any CPU.ActiveCfg = Release|Any CPU
		{D5A9F859-3C79-4D66-AC18-CD5AC63E25E7}.Release|Any CPU.Build.0 = Release|Any CPU
		{22D0EE63-7584-43E7-8EE0-3265A71DB32C}.Debug|Any CPU.ActiveCfg = Debug|Any CPU
		{22D0EE63-7584-43E7-8EE0-3265A71DB32C}.Debug|Any CPU.Build.0 = Debug|Any CPU
		{22D0EE63-7584-43E7-8EE0-3265A71DB32C}.Release|Any CPU.ActiveCfg = Release|Any CPU
		{22D0EE63-7584-43E7-8EE0-3265A71DB32C}.Release|Any CPU.Build.0 = Release|Any CPU
		{37792376-6F37-45F3-803F-BA4E6A24DC4B}.Debug|Any CPU.ActiveCfg = Debug|Any CPU
		{37792376-6F37-45F3-803F-BA4E6A24DC4B}.Debug|Any CPU.Build.0 = Debug|Any CPU
		{37792376-6F37-45F3-803F-BA4E6A24DC4B}.Release|Any CPU.ActiveCfg = Release|Any CPU
		{37792376-6F37-45F3-803F-BA4E6A24DC4B}.Release|Any CPU.Build.0 = Release|Any CPU
		{4496E33C-4174-40A4-9AFF-8E60FF84F2D7}.Debug|Any CPU.ActiveCfg = Debug|Any CPU
		{4496E33C-4174-40A4-9AFF-8E60FF84F2D7}.Debug|Any CPU.Build.0 = Debug|Any CPU
		{4496E33C-4174-40A4-9AFF-8E60FF84F2D7}.Release|Any CPU.ActiveCfg = Release|Any CPU
		{4496E33C-4174-40A4-9AFF-8E60FF84F2D7}.Release|Any CPU.Build.0 = Release|Any CPU
		{3163E9A5-BC4D-4C57-A490-22524DF8278A}.Debug|Any CPU.ActiveCfg = Debug|Any CPU
		{3163E9A5-BC4D-4C57-A490-22524DF8278A}.Debug|Any CPU.Build.0 = Debug|Any CPU
		{3163E9A5-BC4D-4C57-A490-22524DF8278A}.Release|Any CPU.ActiveCfg = Release|Any CPU
		{3163E9A5-BC4D-4C57-A490-22524DF8278A}.Release|Any CPU.Build.0 = Release|Any CPU
		{2ADF6E0D-9B1E-4DD6-842A-0D9BD775CE65}.Debug|Any CPU.ActiveCfg = Debug|Any CPU
		{2ADF6E0D-9B1E-4DD6-842A-0D9BD775CE65}.Debug|Any CPU.Build.0 = Debug|Any CPU
		{2ADF6E0D-9B1E-4DD6-842A-0D9BD775CE65}.Release|Any CPU.ActiveCfg = Release|Any CPU
		{2ADF6E0D-9B1E-4DD6-842A-0D9BD775CE65}.Release|Any CPU.Build.0 = Release|Any CPU
		{2147B4E6-CB0C-449A-8387-DA2D17CB3A40}.Debug|Any CPU.ActiveCfg = Debug|Any CPU
		{2147B4E6-CB0C-449A-8387-DA2D17CB3A40}.Debug|Any CPU.Build.0 = Debug|Any CPU
		{2147B4E6-CB0C-449A-8387-DA2D17CB3A40}.Release|Any CPU.ActiveCfg = Release|Any CPU
		{2147B4E6-CB0C-449A-8387-DA2D17CB3A40}.Release|Any CPU.Build.0 = Release|Any CPU
		{DC574486-3B06-40BE-AB56-32EB7174E8A6}.Debug|Any CPU.ActiveCfg = Debug|Any CPU
		{DC574486-3B06-40BE-AB56-32EB7174E8A6}.Debug|Any CPU.Build.0 = Debug|Any CPU
		{DC574486-3B06-40BE-AB56-32EB7174E8A6}.Release|Any CPU.ActiveCfg = Release|Any CPU
		{DC574486-3B06-40BE-AB56-32EB7174E8A6}.Release|Any CPU.Build.0 = Release|Any CPU
		{DA591940-2C06-460A-8B51-688AF544A1CE}.Debug|Any CPU.ActiveCfg = Debug|Any CPU
		{DA591940-2C06-460A-8B51-688AF544A1CE}.Debug|Any CPU.Build.0 = Debug|Any CPU
		{DA591940-2C06-460A-8B51-688AF544A1CE}.Release|Any CPU.ActiveCfg = Release|Any CPU
		{DA591940-2C06-460A-8B51-688AF544A1CE}.Release|Any CPU.Build.0 = Release|Any CPU
		{17A9B89C-74DA-4A84-8352-2C658347B7A0}.Debug|Any CPU.ActiveCfg = Debug|Any CPU
		{17A9B89C-74DA-4A84-8352-2C658347B7A0}.Debug|Any CPU.Build.0 = Debug|Any CPU
		{17A9B89C-74DA-4A84-8352-2C658347B7A0}.Release|Any CPU.ActiveCfg = Release|Any CPU
		{17A9B89C-74DA-4A84-8352-2C658347B7A0}.Release|Any CPU.Build.0 = Release|Any CPU
		{659B86C1-E122-4884-9014-252AAD64251B}.Debug|Any CPU.ActiveCfg = Debug|Any CPU
		{659B86C1-E122-4884-9014-252AAD64251B}.Debug|Any CPU.Build.0 = Debug|Any CPU
		{659B86C1-E122-4884-9014-252AAD64251B}.Release|Any CPU.ActiveCfg = Release|Any CPU
		{659B86C1-E122-4884-9014-252AAD64251B}.Release|Any CPU.Build.0 = Release|Any CPU
		{D6EF0A69-8860-452D-BBE1-22F033B2A439}.Debug|Any CPU.ActiveCfg = Debug|Any CPU
		{D6EF0A69-8860-452D-BBE1-22F033B2A439}.Debug|Any CPU.Build.0 = Debug|Any CPU
		{D6EF0A69-8860-452D-BBE1-22F033B2A439}.Release|Any CPU.ActiveCfg = Release|Any CPU
		{D6EF0A69-8860-452D-BBE1-22F033B2A439}.Release|Any CPU.Build.0 = Release|Any CPU
		{CE7F1528-66ED-4F0D-AE09-CB10349541BB}.Debug|Any CPU.ActiveCfg = Debug|Any CPU
		{CE7F1528-66ED-4F0D-AE09-CB10349541BB}.Debug|Any CPU.Build.0 = Debug|Any CPU
		{CE7F1528-66ED-4F0D-AE09-CB10349541BB}.Release|Any CPU.ActiveCfg = Release|Any CPU
		{CE7F1528-66ED-4F0D-AE09-CB10349541BB}.Release|Any CPU.Build.0 = Release|Any CPU
		{79A9819B-D48F-4059-8068-62627B418220}.Debug|Any CPU.ActiveCfg = Debug|Any CPU
		{79A9819B-D48F-4059-8068-62627B418220}.Debug|Any CPU.Build.0 = Debug|Any CPU
		{79A9819B-D48F-4059-8068-62627B418220}.Release|Any CPU.ActiveCfg = Release|Any CPU
		{79A9819B-D48F-4059-8068-62627B418220}.Release|Any CPU.Build.0 = Release|Any CPU
		{5E0A5E72-9246-4A57-BDAE-CD61320A2FB7}.Debug|Any CPU.ActiveCfg = Debug|Any CPU
		{5E0A5E72-9246-4A57-BDAE-CD61320A2FB7}.Debug|Any CPU.Build.0 = Debug|Any CPU
		{5E0A5E72-9246-4A57-BDAE-CD61320A2FB7}.Release|Any CPU.ActiveCfg = Release|Any CPU
		{5E0A5E72-9246-4A57-BDAE-CD61320A2FB7}.Release|Any CPU.Build.0 = Release|Any CPU
		{E80DD168-1632-4BB9-83CB-8E866CCDBC9F}.Debug|Any CPU.ActiveCfg = Debug|Any CPU
		{E80DD168-1632-4BB9-83CB-8E866CCDBC9F}.Debug|Any CPU.Build.0 = Debug|Any CPU
		{E80DD168-1632-4BB9-83CB-8E866CCDBC9F}.Release|Any CPU.ActiveCfg = Release|Any CPU
		{E80DD168-1632-4BB9-83CB-8E866CCDBC9F}.Release|Any CPU.Build.0 = Release|Any CPU
		{CC42A474-8E7C-4908-81C4-179DDAEB547A}.Debug|Any CPU.ActiveCfg = Debug|Any CPU
		{CC42A474-8E7C-4908-81C4-179DDAEB547A}.Debug|Any CPU.Build.0 = Debug|Any CPU
		{CC42A474-8E7C-4908-81C4-179DDAEB547A}.Release|Any CPU.ActiveCfg = Release|Any CPU
		{CC42A474-8E7C-4908-81C4-179DDAEB547A}.Release|Any CPU.Build.0 = Release|Any CPU
		{7525A890-C674-43E8-8595-9E46AFD0DAD9}.Debug|Any CPU.ActiveCfg = Debug|Any CPU
		{7525A890-C674-43E8-8595-9E46AFD0DAD9}.Debug|Any CPU.Build.0 = Debug|Any CPU
		{7525A890-C674-43E8-8595-9E46AFD0DAD9}.Release|Any CPU.ActiveCfg = Release|Any CPU
		{7525A890-C674-43E8-8595-9E46AFD0DAD9}.Release|Any CPU.Build.0 = Release|Any CPU
		{1D5828B6-48A8-45D3-B591-14BC8AA69290}.Debug|Any CPU.ActiveCfg = Debug|Any CPU
		{1D5828B6-48A8-45D3-B591-14BC8AA69290}.Debug|Any CPU.Build.0 = Debug|Any CPU
		{1D5828B6-48A8-45D3-B591-14BC8AA69290}.Release|Any CPU.ActiveCfg = Release|Any CPU
		{1D5828B6-48A8-45D3-B591-14BC8AA69290}.Release|Any CPU.Build.0 = Release|Any CPU
		{677485F6-E234-4599-8BF4-771D1DF957D4}.Debug|Any CPU.ActiveCfg = Debug|Any CPU
		{677485F6-E234-4599-8BF4-771D1DF957D4}.Debug|Any CPU.Build.0 = Debug|Any CPU
		{677485F6-E234-4599-8BF4-771D1DF957D4}.Release|Any CPU.ActiveCfg = Release|Any CPU
		{677485F6-E234-4599-8BF4-771D1DF957D4}.Release|Any CPU.Build.0 = Release|Any CPU
		{2DF0712E-3926-4027-AD93-7F9416597400}.Debug|Any CPU.ActiveCfg = Debug|Any CPU
		{2DF0712E-3926-4027-AD93-7F9416597400}.Debug|Any CPU.Build.0 = Debug|Any CPU
		{2DF0712E-3926-4027-AD93-7F9416597400}.Release|Any CPU.ActiveCfg = Release|Any CPU
		{2DF0712E-3926-4027-AD93-7F9416597400}.Release|Any CPU.Build.0 = Release|Any CPU
		{AD87A5DC-6726-4415-AB51-E8C473FE1124}.Debug|Any CPU.ActiveCfg = Debug|Any CPU
		{AD87A5DC-6726-4415-AB51-E8C473FE1124}.Debug|Any CPU.Build.0 = Debug|Any CPU
		{AD87A5DC-6726-4415-AB51-E8C473FE1124}.Release|Any CPU.ActiveCfg = Release|Any CPU
		{AD87A5DC-6726-4415-AB51-E8C473FE1124}.Release|Any CPU.Build.0 = Release|Any CPU
	EndGlobalSection
	GlobalSection(NestedProjects) = preSolution
		{D27BC612-14FE-4D45-A892-F32636B4576C} = {74C2D774-13C4-47C6-BEFF-2D83FB324537}
		{2BC9B949-8437-4B8F-90C2-2C20714E6C59} = {D27BC612-14FE-4D45-A892-F32636B4576C}
		{543E5A6B-7036-4D3F-BE3D-B447477018D2} = {D27BC612-14FE-4D45-A892-F32636B4576C}
		{880C5D30-52A6-473D-BD93-FC45A538DDA5} = {74C2D774-13C4-47C6-BEFF-2D83FB324537}
		{2F154D9C-1EB2-4DE0-9BC3-A92A0CC41252} = {880C5D30-52A6-473D-BD93-FC45A538DDA5}
		{D658329F-2808-44F1-880B-B1B524BD16C0} = {880C5D30-52A6-473D-BD93-FC45A538DDA5}
		{E65ED1E9-44F2-4F11-90B8-1CFCA040138A} = {74C2D774-13C4-47C6-BEFF-2D83FB324537}
		{0B13710D-D9D6-4044-A7B4-BF4945535944} = {E65ED1E9-44F2-4F11-90B8-1CFCA040138A}
		{E6F7AB23-AD14-4E6D-9812-61428DE1B716} = {E65ED1E9-44F2-4F11-90B8-1CFCA040138A}
		{9B5671AA-937A-41EF-8294-25BE4955E5ED} = {74C2D774-13C4-47C6-BEFF-2D83FB324537}
		{8864A5F7-5F59-4E40-8D31-C99E4383B720} = {9B5671AA-937A-41EF-8294-25BE4955E5ED}
		{D5A9F859-3C79-4D66-AC18-CD5AC63E25E7} = {9B5671AA-937A-41EF-8294-25BE4955E5ED}
		{9617C73C-B019-415E-BB4F-08C3F473C30F} = {74C2D774-13C4-47C6-BEFF-2D83FB324537}
		{22D0EE63-7584-43E7-8EE0-3265A71DB32C} = {9617C73C-B019-415E-BB4F-08C3F473C30F}
		{37792376-6F37-45F3-803F-BA4E6A24DC4B} = {9617C73C-B019-415E-BB4F-08C3F473C30F}
		{D09BA055-F703-459B-8E44-B9271BE06DD0} = {74C2D774-13C4-47C6-BEFF-2D83FB324537}
		{4496E33C-4174-40A4-9AFF-8E60FF84F2D7} = {D09BA055-F703-459B-8E44-B9271BE06DD0}
		{3163E9A5-BC4D-4C57-A490-22524DF8278A} = {D09BA055-F703-459B-8E44-B9271BE06DD0}
		{2ADF6E0D-9B1E-4DD6-842A-0D9BD775CE65} = {D09BA055-F703-459B-8E44-B9271BE06DD0}
		{2147B4E6-CB0C-449A-8387-DA2D17CB3A40} = {D09BA055-F703-459B-8E44-B9271BE06DD0}
		{3AE5442E-6AB0-480E-9EA2-EA078D815101} = {74C2D774-13C4-47C6-BEFF-2D83FB324537}
		{DC574486-3B06-40BE-AB56-32EB7174E8A6} = {9B5671AA-937A-41EF-8294-25BE4955E5ED}
		{DA591940-2C06-460A-8B51-688AF544A1CE} = {3AE5442E-6AB0-480E-9EA2-EA078D815101}
		{17A9B89C-74DA-4A84-8352-2C658347B7A0} = {3AE5442E-6AB0-480E-9EA2-EA078D815101}
		{659B86C1-E122-4884-9014-252AAD64251B} = {880C5D30-52A6-473D-BD93-FC45A538DDA5}
		{D6EF0A69-8860-452D-BBE1-22F033B2A439} = {E65ED1E9-44F2-4F11-90B8-1CFCA040138A}
		{AD90719E-5C25-4AE6-B1F6-FC71A0BB52FC} = {74C2D774-13C4-47C6-BEFF-2D83FB324537}
		{CE7F1528-66ED-4F0D-AE09-CB10349541BB} = {AD90719E-5C25-4AE6-B1F6-FC71A0BB52FC}
		{79A9819B-D48F-4059-8068-62627B418220} = {AD90719E-5C25-4AE6-B1F6-FC71A0BB52FC}
		{5E0A5E72-9246-4A57-BDAE-CD61320A2FB7} = {AD90719E-5C25-4AE6-B1F6-FC71A0BB52FC}
		{EB9C5F17-374A-4E8A-BBA4-0AEB6E6DB859} = {74C2D774-13C4-47C6-BEFF-2D83FB324537}
		{E80DD168-1632-4BB9-83CB-8E866CCDBC9F} = {EB9C5F17-374A-4E8A-BBA4-0AEB6E6DB859}
		{CC42A474-8E7C-4908-81C4-179DDAEB547A} = {EB9C5F17-374A-4E8A-BBA4-0AEB6E6DB859}
		{7525A890-C674-43E8-8595-9E46AFD0DAD9} = {3AE5442E-6AB0-480E-9EA2-EA078D815101}
		{53B909AF-34A8-4281-AFE5-0B5A6A817E60} = {74C2D774-13C4-47C6-BEFF-2D83FB324537}
		{1D5828B6-48A8-45D3-B591-14BC8AA69290} = {53B909AF-34A8-4281-AFE5-0B5A6A817E60}
		{677485F6-E234-4599-8BF4-771D1DF957D4} = {53B909AF-34A8-4281-AFE5-0B5A6A817E60}
		{529DCAD4-C18B-4C9F-895E-38B07D714A4F} = {74C2D774-13C4-47C6-BEFF-2D83FB324537}
		{AD87A5DC-6726-4415-AB51-E8C473FE1124} = {529DCAD4-C18B-4C9F-895E-38B07D714A4F}
	EndGlobalSection
EndGlobal
