
Microsoft Visual Studio Solution File, Format Version 12.00
Project("{FAE04EC0-301F-11D3-BF4B-00C04F79EFBC}") = "IBigDataPortal.API", "IBigDataPortal.API\IBigDataPortal.API.csproj", "{8F8E5816-D64F-4F2D-9A7A-C95CB94B7A1A}"
EndProject
Project("{FAE04EC0-301F-11D3-BF4B-00C04F79EFBC}") = "IBigDataPortal.Database", "IBigDataPortal.Database\IBigDataPortal.Database.csproj", "{A6679817-6870-420C-AFC3-10B7364557F5}"
EndProject
Project("{FAE04EC0-301F-11D3-BF4B-00C04F79EFBC}") = "IBigDataPortal.Domain", "IBigDataPortal.Domain\IBigDataPortal.Domain.csproj", "{1951A8BC-6F3C-4590-AFC0-CFFFCFB6F429}"
EndProject
Project("{FAE04EC0-301F-11D3-BF4B-00C04F79EFBC}") = "IBigDataPortal.Infrastructure", "IBigDataPortal.Infrastructure\IBigDataPortal.Infrastructure.csproj", "{1F6E50E8-BFC2-4BE4-B2BA-56F9F6418C95}"
EndProject
Global
	GlobalSection(SolutionConfigurationPlatforms) = preSolution
		Debug|Any CPU = Debug|Any CPU
		Release|Any CPU = Release|Any CPU
	EndGlobalSection
	GlobalSection(ProjectConfigurationPlatforms) = postSolution
		{8F8E5816-D64F-4F2D-9A7A-C95CB94B7A1A}.Debug|Any CPU.ActiveCfg = Debug|Any CPU
		{8F8E5816-D64F-4F2D-9A7A-C95CB94B7A1A}.Debug|Any CPU.Build.0 = Debug|Any CPU
		{8F8E5816-D64F-4F2D-9A7A-C95CB94B7A1A}.Release|Any CPU.ActiveCfg = Release|Any CPU
		{8F8E5816-D64F-4F2D-9A7A-C95CB94B7A1A}.Release|Any CPU.Build.0 = Release|Any CPU
		{A6679817-6870-420C-AFC3-10B7364557F5}.Debug|Any CPU.ActiveCfg = Debug|Any CPU
		{A6679817-6870-420C-AFC3-10B7364557F5}.Debug|Any CPU.Build.0 = Debug|Any CPU
		{A6679817-6870-420C-AFC3-10B7364557F5}.Release|Any CPU.ActiveCfg = Release|Any CPU
		{A6679817-6870-420C-AFC3-10B7364557F5}.Release|Any CPU.Build.0 = Release|Any CPU
		{1951A8BC-6F3C-4590-AFC0-CFFFCFB6F429}.Debug|Any CPU.ActiveCfg = Debug|Any CPU
		{1951A8BC-6F3C-4590-AFC0-CFFFCFB6F429}.Debug|Any CPU.Build.0 = Debug|Any CPU
		{1951A8BC-6F3C-4590-AFC0-CFFFCFB6F429}.Release|Any CPU.ActiveCfg = Release|Any CPU
		{1951A8BC-6F3C-4590-AFC0-CFFFCFB6F429}.Release|Any CPU.Build.0 = Release|Any CPU
		{1F6E50E8-BFC2-4BE4-B2BA-56F9F6418C95}.Debug|Any CPU.ActiveCfg = Debug|Any CPU
		{1F6E50E8-BFC2-4BE4-B2BA-56F9F6418C95}.Debug|Any CPU.Build.0 = Debug|Any CPU
		{1F6E50E8-BFC2-4BE4-B2BA-56F9F6418C95}.Release|Any CPU.ActiveCfg = Release|Any CPU
		{1F6E50E8-BFC2-4BE4-B2BA-56F9F6418C95}.Release|Any CPU.Build.0 = Release|Any CPU
	EndGlobalSection
EndGlobal
