
Microsoft Visual Studio Solution File, Format Version 12.00
Project("{FAE04EC0-301F-11D3-BF4B-00C04F79EFBC}") = "Portal", "Portal\Portal.csproj", "{8F8E5816-D64F-4F2D-9A7A-C95CB94B7A1A}"
EndProject
Project("{FAE04EC0-301F-11D3-BF4B-00C04F79EFBC}") = "Portal.Database", "Portal.Database\Portal.Database.csproj", "{A6679817-6870-420C-AFC3-10B7364557F5}"
EndProject
Project("{FAE04EC0-301F-11D3-BF4B-00C04F79EFBC}") = "Portal.Domain", "Portal.Domain\Portal.Domain.csproj", "{1951A8BC-6F3C-4590-AFC0-CFFFCFB6F429}"
EndProject
Project("{FAE04EC0-301F-11D3-BF4B-00C04F79EFBC}") = "Portal.Infrastructure", "Portal.Infrastructure\Portal.Infrastructure.csproj", "{1F6E50E8-BFC2-4BE4-B2BA-56F9F6418C95}"
EndProject
Project("{2150E333-8FDC-42A3-9474-1A3956D46DE8}") = "Modules", "Modules", "{74C2D774-13C4-47C6-BEFF-2D83FB324537}"
EndProject
Project("{2150E333-8FDC-42A3-9474-1A3956D46DE8}") = "ApplicationUserModule", "ApplicationUserModule", "{D27BC612-14FE-4D45-A892-F32636B4576C}"
EndProject
Project("{FAE04EC0-301F-11D3-BF4B-00C04F79EFBC}") = "ApplicationUser", "ApplicationUser\ApplicationUser.csproj", "{2BC9B949-8437-4B8F-90C2-2C20714E6C59}"
EndProject
Project("{FAE04EC0-301F-11D3-BF4B-00C04F79EFBC}") = "ApplicationUserDomain", "ApplicationUserDomain\ApplicationUserDomain.csproj", "{543E5A6B-7036-4D3F-BE3D-B447477018D2}"
EndProject
Project("{2150E333-8FDC-42A3-9474-1A3956D46DE8}") = "PostsModule", "PostsModule", "{880C5D30-52A6-473D-BD93-FC45A538DDA5}"
EndProject
Project("{FAE04EC0-301F-11D3-BF4B-00C04F79EFBC}") = "Posts.Application", "Posts.Application\Posts.Application.csproj", "{2F154D9C-1EB2-4DE0-9BC3-A92A0CC41252}"
EndProject
Project("{FAE04EC0-301F-11D3-BF4B-00C04F79EFBC}") = "Posts.Domain", "Posts.Domain\Posts.Domain.csproj", "{D658329F-2808-44F1-880B-B1B524BD16C0}"
EndProject
Project("{2150E333-8FDC-42A3-9474-1A3956D46DE8}") = "JobOffersModule", "JobOffersModule", "{E65ED1E9-44F2-4F11-90B8-1CFCA040138A}"
EndProject
Project("{FAE04EC0-301F-11D3-BF4B-00C04F79EFBC}") = "JobOffers.Application", "JobOffers.Application\JobOffers.Application.csproj", "{0B13710D-D9D6-4044-A7B4-BF4945535944}"
EndProject
Project("{FAE04EC0-301F-11D3-BF4B-00C04F79EFBC}") = "JobOffers.Domain", "JobOffers.Domain\JobOffers.Domain.csproj", "{E6F7AB23-AD14-4E6D-9812-61428DE1B716}"
EndProject
Project("{2150E333-8FDC-42A3-9474-1A3956D46DE8}") = "EduLinksModule", "EduLinksModule", "{9B5671AA-937A-41EF-8294-25BE4955E5ED}"
EndProject
Project("{FAE04EC0-301F-11D3-BF4B-00C04F79EFBC}") = "EduLinks.Application", "EduLinks.Application\EduLinks.Application.csproj", "{8864A5F7-5F59-4E40-8D31-C99E4383B720}"
EndProject
Project("{FAE04EC0-301F-11D3-BF4B-00C04F79EFBC}") = "EduLinks.Domain", "EduLinks.Domain\EduLinks.Domain.csproj", "{D5A9F859-3C79-4D66-AC18-CD5AC63E25E7}"
EndProject
Global
	GlobalSection(SolutionConfigurationPlatforms) = preSolution
		Debug|Any CPU = Debug|Any CPU
		Release|Any CPU = Release|Any CPU
	EndGlobalSection
	GlobalSection(ProjectConfigurationPlatforms) = postSolution
		{8F8E5816-D64F-4F2D-9A7A-C95CB94B7A1A}.Debug|Any CPU.ActiveCfg = Debug|Any CPU
		{8F8E5816-D64F-4F2D-9A7A-C95CB94B7A1A}.Debug|Any CPU.Build.0 = Debug|Any CPU
		{8F8E5816-D64F-4F2D-9A7A-C95CB94B7A1A}.Release|Any CPU.ActiveCfg = Release|Any CPU
		{8F8E5816-D64F-4F2D-9A7A-C95CB94B7A1A}.Release|Any CPU.Build.0 = Release|Any CPU
		{A6679817-6870-420C-AFC3-10B7364557F5}.Debug|Any CPU.ActiveCfg = Debug|Any CPU
		{A6679817-6870-420C-AFC3-10B7364557F5}.Debug|Any CPU.Build.0 = Debug|Any CPU
		{A6679817-6870-420C-AFC3-10B7364557F5}.Release|Any CPU.ActiveCfg = Release|Any CPU
		{A6679817-6870-420C-AFC3-10B7364557F5}.Release|Any CPU.Build.0 = Release|Any CPU
		{1951A8BC-6F3C-4590-AFC0-CFFFCFB6F429}.Debug|Any CPU.ActiveCfg = Debug|Any CPU
		{1951A8BC-6F3C-4590-AFC0-CFFFCFB6F429}.Debug|Any CPU.Build.0 = Debug|Any CPU
		{1951A8BC-6F3C-4590-AFC0-CFFFCFB6F429}.Release|Any CPU.ActiveCfg = Release|Any CPU
		{1951A8BC-6F3C-4590-AFC0-CFFFCFB6F429}.Release|Any CPU.Build.0 = Release|Any CPU
		{1F6E50E8-BFC2-4BE4-B2BA-56F9F6418C95}.Debug|Any CPU.ActiveCfg = Debug|Any CPU
		{1F6E50E8-BFC2-4BE4-B2BA-56F9F6418C95}.Debug|Any CPU.Build.0 = Debug|Any CPU
		{1F6E50E8-BFC2-4BE4-B2BA-56F9F6418C95}.Release|Any CPU.ActiveCfg = Release|Any CPU
		{1F6E50E8-BFC2-4BE4-B2BA-56F9F6418C95}.Release|Any CPU.Build.0 = Release|Any CPU
		{2BC9B949-8437-4B8F-90C2-2C20714E6C59}.Debug|Any CPU.ActiveCfg = Debug|Any CPU
		{2BC9B949-8437-4B8F-90C2-2C20714E6C59}.Debug|Any CPU.Build.0 = Debug|Any CPU
		{2BC9B949-8437-4B8F-90C2-2C20714E6C59}.Release|Any CPU.ActiveCfg = Release|Any CPU
		{2BC9B949-8437-4B8F-90C2-2C20714E6C59}.Release|Any CPU.Build.0 = Release|Any CPU
		{543E5A6B-7036-4D3F-BE3D-B447477018D2}.Debug|Any CPU.ActiveCfg = Debug|Any CPU
		{543E5A6B-7036-4D3F-BE3D-B447477018D2}.Debug|Any CPU.Build.0 = Debug|Any CPU
		{543E5A6B-7036-4D3F-BE3D-B447477018D2}.Release|Any CPU.ActiveCfg = Release|Any CPU
		{543E5A6B-7036-4D3F-BE3D-B447477018D2}.Release|Any CPU.Build.0 = Release|Any CPU
		{2F154D9C-1EB2-4DE0-9BC3-A92A0CC41252}.Debug|Any CPU.ActiveCfg = Debug|Any CPU
		{2F154D9C-1EB2-4DE0-9BC3-A92A0CC41252}.Debug|Any CPU.Build.0 = Debug|Any CPU
		{2F154D9C-1EB2-4DE0-9BC3-A92A0CC41252}.Release|Any CPU.ActiveCfg = Release|Any CPU
		{2F154D9C-1EB2-4DE0-9BC3-A92A0CC41252}.Release|Any CPU.Build.0 = Release|Any CPU
		{D658329F-2808-44F1-880B-B1B524BD16C0}.Debug|Any CPU.ActiveCfg = Debug|Any CPU
		{D658329F-2808-44F1-880B-B1B524BD16C0}.Debug|Any CPU.Build.0 = Debug|Any CPU
		{D658329F-2808-44F1-880B-B1B524BD16C0}.Release|Any CPU.ActiveCfg = Release|Any CPU
		{D658329F-2808-44F1-880B-B1B524BD16C0}.Release|Any CPU.Build.0 = Release|Any CPU
		{0B13710D-D9D6-4044-A7B4-BF4945535944}.Debug|Any CPU.ActiveCfg = Debug|Any CPU
		{0B13710D-D9D6-4044-A7B4-BF4945535944}.Debug|Any CPU.Build.0 = Debug|Any CPU
		{0B13710D-D9D6-4044-A7B4-BF4945535944}.Release|Any CPU.ActiveCfg = Release|Any CPU
		{0B13710D-D9D6-4044-A7B4-BF4945535944}.Release|Any CPU.Build.0 = Release|Any CPU
		{E6F7AB23-AD14-4E6D-9812-61428DE1B716}.Debug|Any CPU.ActiveCfg = Debug|Any CPU
		{E6F7AB23-AD14-4E6D-9812-61428DE1B716}.Debug|Any CPU.Build.0 = Debug|Any CPU
		{E6F7AB23-AD14-4E6D-9812-61428DE1B716}.Release|Any CPU.ActiveCfg = Release|Any CPU
		{E6F7AB23-AD14-4E6D-9812-61428DE1B716}.Release|Any CPU.Build.0 = Release|Any CPU
		{8864A5F7-5F59-4E40-8D31-C99E4383B720}.Debug|Any CPU.ActiveCfg = Debug|Any CPU
		{8864A5F7-5F59-4E40-8D31-C99E4383B720}.Debug|Any CPU.Build.0 = Debug|Any CPU
		{8864A5F7-5F59-4E40-8D31-C99E4383B720}.Release|Any CPU.ActiveCfg = Release|Any CPU
		{8864A5F7-5F59-4E40-8D31-C99E4383B720}.Release|Any CPU.Build.0 = Release|Any CPU
		{D5A9F859-3C79-4D66-AC18-CD5AC63E25E7}.Debug|Any CPU.ActiveCfg = Debug|Any CPU
		{D5A9F859-3C79-4D66-AC18-CD5AC63E25E7}.Debug|Any CPU.Build.0 = Debug|Any CPU
		{D5A9F859-3C79-4D66-AC18-CD5AC63E25E7}.Release|Any CPU.ActiveCfg = Release|Any CPU
		{D5A9F859-3C79-4D66-AC18-CD5AC63E25E7}.Release|Any CPU.Build.0 = Release|Any CPU
	EndGlobalSection
	GlobalSection(NestedProjects) = preSolution
		{D27BC612-14FE-4D45-A892-F32636B4576C} = {74C2D774-13C4-47C6-BEFF-2D83FB324537}
		{2BC9B949-8437-4B8F-90C2-2C20714E6C59} = {D27BC612-14FE-4D45-A892-F32636B4576C}
		{543E5A6B-7036-4D3F-BE3D-B447477018D2} = {D27BC612-14FE-4D45-A892-F32636B4576C}
		{880C5D30-52A6-473D-BD93-FC45A538DDA5} = {74C2D774-13C4-47C6-BEFF-2D83FB324537}
		{2F154D9C-1EB2-4DE0-9BC3-A92A0CC41252} = {880C5D30-52A6-473D-BD93-FC45A538DDA5}
		{D658329F-2808-44F1-880B-B1B524BD16C0} = {880C5D30-52A6-473D-BD93-FC45A538DDA5}
		{E65ED1E9-44F2-4F11-90B8-1CFCA040138A} = {74C2D774-13C4-47C6-BEFF-2D83FB324537}
		{0B13710D-D9D6-4044-A7B4-BF4945535944} = {E65ED1E9-44F2-4F11-90B8-1CFCA040138A}
		{E6F7AB23-AD14-4E6D-9812-61428DE1B716} = {E65ED1E9-44F2-4F11-90B8-1CFCA040138A}
		{9B5671AA-937A-41EF-8294-25BE4955E5ED} = {74C2D774-13C4-47C6-BEFF-2D83FB324537}
		{8864A5F7-5F59-4E40-8D31-C99E4383B720} = {9B5671AA-937A-41EF-8294-25BE4955E5ED}
		{D5A9F859-3C79-4D66-AC18-CD5AC63E25E7} = {9B5671AA-937A-41EF-8294-25BE4955E5ED}
	EndGlobalSection
EndGlobal
